lockVersion: 2.0.0
id: 1c1a194a-5b7a-4eb2-997f-31d709ae7004
management:
  docChecksum: d136ae79f9d89697f83c3569a16a6578
  docVersion: 2.0.0
  speakeasyVersion: 1.349.0
  generationVersion: 2.382.0
  releaseVersion: 2.2.0
  configChecksum: 0c9ddd326531047879f7baff89e5c65f
  repoURL: https://github.com/antonbabenko/terraform-provider-openai.git
  repoSubDirectory: .
  published: true
features:
  terraform:
    additionalDependencies: 0.1.0
    constsAndDefaults: 0.1.4
    core: 3.24.5
    deprecations: 2.81.1
    globalSecurity: 2.81.6
    globalServerURLs: 2.82.1
    ignores: 2.81.1
    nullables: 0.0.0
    typeOverrides: 2.81.1
    unions: 2.81.15
generatedFiles:
  - internal/sdk/openai.go
  - internal/sdk/oai.go
  - internal/sdk/models/errors/sdkerror.go
  - internal/sdk/retry/config.go
  - internal/sdk/types/bigint.go
  - internal/sdk/types/date.go
  - internal/sdk/types/datetime.go
  - internal/sdk/types/decimal.go
  - internal/sdk/types/pointers.go
  - internal/sdk/internal/utils/contenttype.go
  - internal/sdk/internal/utils/form.go
  - internal/sdk/internal/utils/headers.go
  - internal/sdk/internal/utils/json.go
  - internal/sdk/internal/utils/pathparams.go
  - internal/sdk/internal/utils/queryparams.go
  - internal/sdk/internal/utils/requestbody.go
  - internal/sdk/internal/utils/retries.go
  - internal/sdk/internal/utils/security.go
  - internal/sdk/internal/utils/utils.go
  - internal/sdk/models/operations/cancelfinetune.go
  - internal/sdk/models/operations/createchatcompletion.go
  - internal/sdk/models/operations/createcompletion.go
  - internal/sdk/models/operations/createedit.go
  - internal/sdk/models/operations/createembedding.go
  - internal/sdk/models/operations/createfile.go
  - internal/sdk/models/operations/createfinetune.go
  - internal/sdk/models/operations/createimage.go
  - internal/sdk/models/operations/createimageedit.go
  - internal/sdk/models/operations/createimagevariation.go
  - internal/sdk/models/operations/createmoderation.go
  - internal/sdk/models/operations/createtranscription.go
  - internal/sdk/models/operations/createtranslation.go
  - internal/sdk/models/operations/deletefile.go
  - internal/sdk/models/operations/deletemodel.go
  - internal/sdk/models/operations/downloadfile.go
  - internal/sdk/models/operations/listfiles.go
  - internal/sdk/models/operations/listfinetuneevents.go
  - internal/sdk/models/operations/listfinetunes.go
  - internal/sdk/models/operations/listmodels.go
  - internal/sdk/models/operations/retrievefile.go
  - internal/sdk/models/operations/retrievefinetune.go
  - internal/sdk/models/operations/retrievemodel.go
  - internal/sdk/models/shared/finetune.go
  - internal/sdk/models/shared/openaifile.go
  - internal/sdk/models/shared/finetuneevent.go
  - internal/sdk/models/shared/createchatcompletionresponse.go
  - internal/sdk/models/shared/chatcompletionresponsemessage.go
  - internal/sdk/models/shared/createchatcompletionrequest.go
  - internal/sdk/models/shared/chatcompletionrequestmessage.go
  - internal/sdk/models/shared/chatcompletionfunctions.go
  - internal/sdk/models/shared/createcompletionresponse.go
  - internal/sdk/models/shared/createcompletionrequest.go
  - internal/sdk/models/shared/createeditresponse.go
  - internal/sdk/models/shared/createeditrequest.go
  - internal/sdk/models/shared/createembeddingresponse.go
  - internal/sdk/models/shared/createembeddingrequest.go
  - internal/sdk/models/shared/createfilerequest.go
  - internal/sdk/models/shared/createfinetunerequest.go
  - internal/sdk/models/shared/imagesresponse.go
  - internal/sdk/models/shared/createimagerequest.go
  - internal/sdk/models/shared/createimageeditrequest.go
  - internal/sdk/models/shared/createimagevariationrequest.go
  - internal/sdk/models/shared/createmoderationresponse.go
  - internal/sdk/models/shared/createmoderationrequest.go
  - internal/sdk/models/shared/createtranscriptionresponse.go
  - internal/sdk/models/shared/createtranscriptionrequest.go
  - internal/sdk/models/shared/createtranslationresponse.go
  - internal/sdk/models/shared/createtranslationrequest.go
  - internal/sdk/models/shared/deletefileresponse.go
  - internal/sdk/models/shared/deletemodelresponse.go
  - internal/sdk/models/shared/listfilesresponse.go
  - internal/sdk/models/shared/listfinetuneeventsresponse.go
  - internal/sdk/models/shared/listfinetunesresponse.go
  - internal/sdk/models/shared/listmodelsresponse.go
  - internal/sdk/models/shared/model.go
  - internal/sdk/models/shared/security.go
  - internal/sdk/.gitignore
  - internal/sdk/models/operations/options.go
  - internal/sdk/.gitattributes
  - internal/sdk/internal/hooks/hooks.go
  - internal/sdk/CONTRIBUTING.md
  - examples/README.md
  - go.mod
  - go.sum
  - internal/planmodifiers/boolplanmodifier/suppress_diff.go
  - internal/planmodifiers/float64planmodifier/suppress_diff.go
  - internal/planmodifiers/int64planmodifier/suppress_diff.go
  - internal/planmodifiers/listplanmodifier/suppress_diff.go
  - internal/planmodifiers/mapplanmodifier/suppress_diff.go
  - internal/planmodifiers/numberplanmodifier/suppress_diff.go
  - internal/planmodifiers/objectplanmodifier/suppress_diff.go
  - internal/planmodifiers/setplanmodifier/suppress_diff.go
  - internal/planmodifiers/stringplanmodifier/suppress_diff.go
  - internal/planmodifiers/utils/state_check.go
  - internal/provider/reflect/diags.go
  - internal/provider/reflect/doc.go
  - internal/provider/reflect/generic_attr_value.go
  - internal/provider/reflect/helpers.go
  - internal/provider/reflect/interfaces.go
  - internal/provider/reflect/into.go
  - internal/provider/reflect/map.go
  - internal/provider/reflect/number.go
  - internal/provider/reflect/options.go
  - internal/provider/reflect/outof.go
  - internal/provider/reflect/pointer.go
  - internal/provider/reflect/primitive.go
  - internal/provider/reflect/slice.go
  - internal/provider/reflect/struct.go
  - internal/provider/utils.go
  - internal/validators/DateValidator.go
  - internal/validators/ExactlyOneChild.go
  - internal/validators/JSONParseValidator.go
  - internal/validators/RFC3339Validator.go
  - internal/validators/boolvalidators/not_null.go
  - internal/validators/float64validators/not_null.go
  - internal/validators/int64validators/not_null.go
  - internal/validators/listvalidators/not_null.go
  - internal/validators/mapvalidators/not_null.go
  - internal/validators/numbervalidators/not_null.go
  - internal/validators/objectvalidators/not_null.go
  - internal/validators/setvalidators/not_null.go
  - internal/validators/stringvalidators/not_null.go
  - main.go
  - terraform-registry-manifest.json
  - tools/tools.go
  - internal/provider/types/chat_completion_response_message_function_call.go
  - internal/provider/types/chat_completion_response_message.go
  - internal/provider/types/choices.go
  - internal/provider/types/two.go
  - internal/provider/types/create_chat_completion_request_function_call.go
  - internal/provider/types/chat_completion_functions.go
  - internal/provider/types/function_call.go
  - internal/provider/types/chat_completion_request_message.go
  - internal/provider/types/stop.go
  - internal/provider/types/usage.go
  - internal/provider/types/logprobs.go
  - internal/provider/types/create_completion_response_choices.go
  - internal/provider/types/prompt.go
  - internal/provider/types/data.go
  - internal/provider/types/create_embedding_response_usage.go
  - internal/provider/types/images_response_data.go
  - USAGE.md
  - internal/provider/provider.go
  - examples/provider/provider.tf
  - internal/provider/chatcompletion_resource.go
  - internal/provider/chatcompletion_resource_sdk.go
  - examples/resources/openai_chat_completion/resource.tf
  - internal/provider/completion_resource.go
  - internal/provider/completion_resource_sdk.go
  - examples/resources/openai_completion/resource.tf
  - internal/provider/embedding_resource.go
  - internal/provider/embedding_resource_sdk.go
  - examples/resources/openai_embedding/resource.tf
  - internal/provider/image_resource.go
  - internal/provider/image_resource_sdk.go
  - examples/resources/openai_image/resource.tf
  - .gitattributes
  - CONTRIBUTING.md
